// !$*UTF8*$!
{
	archiveVersion = 1;
	classes = {
	};
	objectVersion = 50;
	objects = {

/* Begin PBXBuildFile section */
		2AD64FD122527D8B0000E3BC /* AppDelegate.swift in Sources */ = {isa = PBXBuildFile; fileRef = 2AD64FD022527D8B0000E3BC /* AppDelegate.swift */; };
		2AD64FD322527D8B0000E3BC /* ViewController.swift in Sources */ = {isa = PBXBuildFile; fileRef = 2AD64FD222527D8B0000E3BC /* ViewController.swift */; };
		2AD64FD622527D8B0000E3BC /* Main.storyboard in Resources */ = {isa = PBXBuildFile; fileRef = 2AD64FD422527D8B0000E3BC /* Main.storyboard */; };
		2AD64FD822527D8C0000E3BC /* Assets.xcassets in Resources */ = {isa = PBXBuildFile; fileRef = 2AD64FD722527D8C0000E3BC /* Assets.xcassets */; };
		2AD64FDB22527D8C0000E3BC /* LaunchScreen.storyboard in Resources */ = {isa = PBXBuildFile; fileRef = 2AD64FD922527D8C0000E3BC /* LaunchScreen.storyboard */; };
		2AD64FE622527D8C0000E3BC /* MobileMapperTests.swift in Sources */ = {isa = PBXBuildFile; fileRef = 2AD64FE522527D8C0000E3BC /* MobileMapperTests.swift */; };
		2AD64FF122527D8C0000E3BC /* MobileMapperUITests.swift in Sources */ = {isa = PBXBuildFile; fileRef = 2AD64FF022527D8C0000E3BC /* MobileMapperUITests.swift */; };
/* End PBXBuildFile section */

/* Begin PBXContainerItemProxy section */
		2AD64FE222527D8C0000E3BC /* PBXContainerItemProxy */ = {
			isa = PBXContainerItemProxy;
			containerPortal = 2AD64FC522527D8B0000E3BC /* Project object */;
			proxyType = 1;
			remoteGlobalIDString = 2AD64FCC22527D8B0000E3BC;
			remoteInfo = MobileMapper;
		};
		2AD64FED22527D8C0000E3BC /* PBXContainerItemProxy */ = {
			isa = PBXContainerItemProxy;
			containerPortal = 2AD64FC522527D8B0000E3BC /* Project object */;
			proxyType = 1;
			remoteGlobalIDString = 2AD64FCC22527D8B0000E3BC;
			remoteInfo = MobileMapper;
		};
/* End PBXContainerItemProxy section */

/* Begin PBXFileReference section */
		2AD64FCD22527D8B0000E3BC /* MobileMapper.app */ = {isa = PBXFileReference; explicitFileType = wrapper.application; includeInIndex = 0; path = MobileMapper.app; sourceTree = BUILT_PRODUCTS_DIR; };
		2AD64FD022527D8B0000E3BC /* AppDelegate.swift */ = {isa = PBXFileReference; lastKnownFileType = sourcecode.swift; path = AppDelegate.swift; sourceTree = "<group>"; };
		2AD64FD222527D8B0000E3BC /* ViewController.swift */ = {isa = PBXFileReference; lastKnownFileType = sourcecode.swift; path = ViewController.swift; sourceTree = "<group>"; };
		2AD64FD522527D8B0000E3BC /* Base */ = {isa = PBXFileReference; lastKnownFileType = file.storyboard; name = Base; path = Base.lproj/Main.storyboard; sourceTree = "<group>"; };
		2AD64FD722527D8C0000E3BC /* Assets.xcassets */ = {isa = PBXFileReference; lastKnownFileType = folder.assetcatalog; path = Assets.xcassets; sourceTree = "<group>"; };
		2AD64FDA22527D8C0000E3BC /* Base */ = {isa = PBXFileReference; lastKnownFileType = file.storyboard; name = Base; path = Base.lproj/LaunchScreen.storyboard; sourceTree = "<group>"; };
		2AD64FDC22527D8C0000E3BC /* Info.plist */ = {isa = PBXFileReference; lastKnownFileType = text.plist.xml; path = Info.plist; sourceTree = "<group>"; };
		2AD64FE122527D8C0000E3BC /* MobileMapperTests.xctest */ = {isa = PBXFileReference; explicitFileType = wrapper.cfbundle; includeInIndex = 0; path = MobileMapperTests.xctest; sourceTree = BUILT_PRODUCTS_DIR; };
		2AD64FE522527D8C0000E3BC /* MobileMapperTests.swift */ = {isa = PBXFileReference; lastKnownFileType = sourcecode.swift; path = MobileMapperTests.swift; sourceTree = "<group>"; };
		2AD64FE722527D8C0000E3BC /* Info.plist */ = {isa = PBXFileReference; lastKnownFileType = text.plist.xml; path = Info.plist; sourceTree = "<group>"; };
		2AD64FEC22527D8C0000E3BC /* MobileMapperUITests.xctest */ = {isa = PBXFileReference; explicitFileType = wrapper.cfbundle; includeInIndex = 0; path = MobileMapperUITests.xctest; sourceTree = BUILT_PRODUCTS_DIR; };
		2AD64FF022527D8C0000E3BC /* MobileMapperUITests.swift */ = {isa = PBXFileReference; lastKnownFileType = sourcecode.swift; path = MobileMapperUITests.swift; sourceTree = "<group>"; };
		2AD64FF222527D8C0000E3BC /* Info.plist */ = {isa = PBXFileReference; lastKnownFileType = text.plist.xml; path = Info.plist; sourceTree = "<group>"; };
/* End PBXFileReference section */

/* Begin PBXFrameworksBuildPhase section */
		2AD64FCA22527D8B0000E3BC /* Frameworks */ = {
			isa = PBXFrameworksBuildPhase;
			buildActionMask = 2147483647;
			files = (
			);
			runOnlyForDeploymentPostprocessing = 0;
		};
		2AD64FDE22527D8C0000E3BC /* Frameworks */ = {
			isa = PBXFrameworksBuildPhase;
			buildActionMask = 2147483647;
			files = (
			);
			runOnlyForDeploymentPostprocessing = 0;
		};
		2AD64FE922527D8C0000E3BC /* Frameworks */ = {
			isa = PBXFrameworksBuildPhase;
			buildActionMask = 2147483647;
			files = (
			);
			runOnlyForDeploymentPostprocessing = 0;
		};
/* End PBXFrameworksBuildPhase section */

/* Begin PBXGroup section */
		2AD64FC422527D8B0000E3BC = {
			isa = PBXGroup;
			children = (
				2AD64FCF22527D8B0000E3BC /* MobileMapper */,
				2AD64FE422527D8C0000E3BC /* MobileMapperTests */,
				2AD64FEF22527D8C0000E3BC /* MobileMapperUITests */,
				2AD64FCE22527D8B0000E3BC /* Products */,
			);
			sourceTree = "<group>";
		};
		2AD64FCE22527D8B0000E3BC /* Products */ = {
			isa = PBXGroup;
			children = (
				2AD64FCD22527D8B0000E3BC /* MobileMapper.app */,
				2AD64FE122527D8C0000E3BC /* MobileMapperTests.xctest */,
				2AD64FEC22527D8C0000E3BC /* MobileMapperUITests.xctest */,
			);
			name = Products;
			sourceTree = "<group>";
		};
		2AD64FCF22527D8B0000E3BC /* MobileMapper */ = {
			isa = PBXGroup;
			children = (
				2AD64FD022527D8B0000E3BC /* AppDelegate.swift */,
				2AD64FD222527D8B0000E3BC /* ViewController.swift */,
				2AD64FD422527D8B0000E3BC /* Main.storyboard */,
				2AD64FD722527D8C0000E3BC /* Assets.xcassets */,
				2AD64FD922527D8C0000E3BC /* LaunchScreen.storyboard */,
				2AD64FDC22527D8C0000E3BC /* Info.plist */,
			);
			path = MobileMapper;
			sourceTree = "<group>";
		};
		2AD64FE422527D8C0000E3BC /* MobileMapperTests */ = {
			isa = PBXGroup;
			children = (
				2AD64FE522527D8C0000E3BC /* MobileMapperTests.swift */,
				2AD64FE722527D8C0000E3BC /* Info.plist */,
			);
			path = MobileMapperTests;
			sourceTree = "<group>";
		};
		2AD64FEF22527D8C0000E3BC /* MobileMapperUITests */ = {
			isa = PBXGroup;
			children = (
				2AD64FF022527D8C0000E3BC /* MobileMapperUITests.swift */,
				2AD64FF222527D8C0000E3BC /* Info.plist */,
			);
			path = MobileMapperUITests;
			sourceTree = "<group>";
		};
/* End PBXGroup section */

/* Begin PBXNativeTarget section */
		2AD64FCC22527D8B0000E3BC /* MobileMapper */ = {
			isa = PBXNativeTarget;
			buildConfigurationList = 2AD64FF522527D8C0000E3BC /* Build configuration list for PBXNativeTarget "MobileMapper" */;
			buildPhases = (
				2AD64FC922527D8B0000E3BC /* Sources */,
				2AD64FCA22527D8B0000E3BC /* Frameworks */,
				2AD64FCB22527D8B0000E3BC /* Resources */,
			);
			buildRules = (
			);
			dependencies = (
			);
			name = MobileMapper;
			productName = MobileMapper;
			productReference = 2AD64FCD22527D8B0000E3BC /* MobileMapper.app */;
			productType = "com.apple.product-type.application";
		};
		2AD64FE022527D8C0000E3BC /* MobileMapperTests */ = {
			isa = PBXNativeTarget;
			buildConfigurationList = 2AD64FF822527D8C0000E3BC /* Build configuration list for PBXNativeTarget "MobileMapperTests" */;
			buildPhases = (
				2AD64FDD22527D8C0000E3BC /* Sources */,
				2AD64FDE22527D8C0000E3BC /* Frameworks */,
				2AD64FDF22527D8C0000E3BC /* Resources */,
			);
			buildRules = (
			);
			dependencies = (
				2AD64FE322527D8C0000E3BC /* PBXTargetDependency */,
			);
			name = MobileMapperTests;
			productName = MobileMapperTests;
			productReference = 2AD64FE122527D8C0000E3BC /* MobileMapperTests.xctest */;
			productType = "com.apple.product-type.bundle.unit-test";
		};
		2AD64FEB22527D8C0000E3BC /* MobileMapperUITests */ = {
			isa = PBXNativeTarget;
			buildConfigurationList = 2AD64FFB22527D8C0000E3BC /* Build configuration list for PBXNativeTarget "MobileMapperUITests" */;
			buildPhases = (
				2AD64FE822527D8C0000E3BC /* Sources */,
				2AD64FE922527D8C0000E3BC /* Frameworks */,
				2AD64FEA22527D8C0000E3BC /* Resources */,
			);
			buildRules = (
			);
			dependencies = (
				2AD64FEE22527D8C0000E3BC /* PBXTargetDependency */,
			);
			name = MobileMapperUITests;
			productName = MobileMapperUITests;
			productReference = 2AD64FEC22527D8C0000E3BC /* MobileMapperUITests.xctest */;
			productType = "com.apple.product-type.bundle.ui-testing";
		};
/* End PBXNativeTarget section */

/* Begin PBXProject section */
		2AD64FC522527D8B0000E3BC /* Project object */ = {
			isa = PBXProject;
			attributes = {
				LastSwiftUpdateCheck = 1010;
				LastUpgradeCheck = 1010;
				ORGANIZATIONNAME = "Smaran Kapa 2021";
				TargetAttributes = {
					2AD64FCC22527D8B0000E3BC = {
						CreatedOnToolsVersion = 10.1;
					};
					2AD64FE022527D8C0000E3BC = {
						CreatedOnToolsVersion = 10.1;
						TestTargetID = 2AD64FCC22527D8B0000E3BC;
					};
					2AD64FEB22527D8C0000E3BC = {
						CreatedOnToolsVersion = 10.1;
						TestTargetID = 2AD64FCC22527D8B0000E3BC;
					};
				};
			};
			buildConfigurationList = 2AD64FC822527D8B0000E3BC /* Build configuration list for PBXProject "MobileMapper" */;
			compatibilityVersion = "Xcode 9.3";
			developmentRegion = en;
			hasScannedForEncodings = 0;
			knownRegions = (
				en,
				Base,
			);
			mainGroup = 2AD64FC422527D8B0000E3BC;
			productRefGroup = 2AD64FCE22527D8B0000E3BC /* Products */;
			projectDirPath = "";
			projectRoot = "";
			targets = (
				2AD64FCC22527D8B0000E3BC /* MobileMapper */,
				2AD64FE022527D8C0000E3BC /* MobileMapperTests */,
				2AD64FEB22527D8C0000E3BC /* MobileMapperUITests */,
			);
		};
/* End PBXProject section */

/* Begin PBXResourcesBuildPhase section */
		2AD64FCB22527D8B0000E3BC /* Resources */ = {
			isa = PBXResourcesBuildPhase;
			buildActionMask = 2147483647;
			files = (
				2AD64FDB22527D8C0000E3BC /* LaunchScreen.storyboard in Resources */,
				2AD64FD822527D8C0000E3BC /* Assets.xcassets in Resources */,
				2AD64FD622527D8B0000E3BC /* Main.storyboard in Resources */,
			);
			runOnlyForDeploymentPostprocessing = 0;
		};
		2AD64FDF22527D8C0000E3BC /* Resources */ = {
			isa = PBXResourcesBuildPhase;
			buildActionMask = 2147483647;
			files = (
			);
			runOnlyForDeploymentPostprocessing = 0;
		};
		2AD64FEA22527D8C0000E3BC /* Resources */ = {
			isa = PBXResourcesBuildPhase;
			buildActionMask = 2147483647;
			files = (
			);
			runOnlyForDeploymentPostprocessing = 0;
		};
/* End PBXResourcesBuildPhase section */

/* Begin PBXSourcesBuildPhase section */
		2AD64FC922527D8B0000E3BC /* Sources */ = {
			isa = PBXSourcesBuildPhase;
			buildActionMask = 2147483647;
			files = (
				2AD64FD322527D8B0000E3BC /* ViewController.swift in Sources */,
				2AD64FD122527D8B0000E3BC /* AppDelegate.swift in Sources */,
			);
			runOnlyForDeploymentPostprocessing = 0;
		};
		2AD64FDD22527D8C0000E3BC /* Sources */ = {
			isa = PBXSourcesBuildPhase;
			buildActionMask = 2147483647;
			files = (
				2AD64FE622527D8C0000E3BC /* MobileMapperTests.swift in Sources */,
			);
			runOnlyForDeploymentPostprocessing = 0;
		};
		2AD64FE822527D8C0000E3BC /* Sources */ = {
			isa = PBXSourcesBuildPhase;
			buildActionMask = 2147483647;
			files = (
				2AD64FF122527D8C0000E3BC /* MobileMapperUITests.swift in Sources */,
			);
			runOnlyForDeploymentPostprocessing = 0;
		};
/* End PBXSourcesBuildPhase section */

/* Begin PBXTargetDependency section */
		2AD64FE322527D8C0000E3BC /* PBXTargetDependency */ = {
			isa = PBXTargetDependency;
			target = 2AD64FCC22527D8B0000E3BC /* MobileMapper */;
			targetProxy = 2AD64FE222527D8C0000E3BC /* PBXContainerItemProxy */;
		};
		2AD64FEE22527D8C0000E3BC /* PBXTargetDependency */ = {
			isa = PBXTargetDependency;
			target = 2AD64FCC22527D8B0000E3BC /* MobileMapper */;
			targetProxy = 2AD64FED22527D8C0000E3BC /* PBXContainerItemProxy */;
		};
/* End PBXTargetDependency section */

/* Begin PBXVariantGroup section */
		2AD64FD422527D8B0000E3BC /* Main.storyboard */ = {
			isa = PBXVariantGroup;
			children = (
				2AD64FD522527D8B0000E3BC /* Base */,
			);
			name = Main.storyboard;
			sourceTree = "<group>";
		};
		2AD64FD922527D8C0000E3BC /* LaunchScreen.storyboard */ = {
			isa = PBXVariantGroup;
			children = (
				2AD64FDA22527D8C0000E3BC /* Base */,
			);
			name = LaunchScreen.storyboard;
			sourceTree = "<group>";
		};
/* End PBXVariantGroup section */

/* Begin XCBuildConfiguration section */
		2AD64FF322527D8C0000E3BC /* Debug */ = {
			isa = XCBuildConfiguration;
			buildSettings = {
				ALWAYS_SEARCH_USER_PATHS = NO;
				CLANG_ANALYZER_NONNULL = YES;
				CLANG_ANALYZER_NUMBER_OBJECT_CONVERSION = YES_AGGRESSIVE;
				CLANG_CXX_LANGUAGE_STANDARD = "gnu++14";
				CLANG_CXX_LIBRARY = "libc++";
				CLANG_ENABLE_MODULES = YES;
				CLANG_ENABLE_OBJC_ARC = YES;
				CLANG_ENABLE_OBJC_WEAK = YES;
				CLANG_WARN_BLOCK_CAPTURE_AUTORELEASING = YES;
				CLANG_WARN_BOOL_CONVERSION = YES;
				CLANG_WARN_COMMA = YES;
				CLANG_WARN_CONSTANT_CONVERSION = YES;
				CLANG_WARN_DEPRECATED_OBJC_IMPLEMENTATIONS = YES;
				CLANG_WARN_DIRECT_OBJC_ISA_USAGE = YES_ERROR;
				CLANG_WARN_DOCUMENTATION_COMMENTS = YES;
				CLANG_WARN_EMPTY_BODY = YES;
				CLANG_WARN_ENUM_CONVERSION = YES;
				CLANG_WARN_INFINITE_RECURSION = YES;
				CLANG_WARN_INT_CONVERSION = YES;
				CLANG_WARN_NON_LITERAL_NULL_CONVERSION = YES;
				CLANG_WARN_OBJC_IMPLICIT_RETAIN_SELF = YES;
				CLANG_WARN_OBJC_LITERAL_CONVERSION = YES;
				CLANG_WARN_OBJC_ROOT_CLASS = YES_ERROR;
				CLANG_WARN_RANGE_LOOP_ANALYSIS = YES;
				CLANG_WARN_STRICT_PROTOTYPES = YES;
				CLANG_WARN_SUSPICIOUS_MOVE = YES;
				CLANG_WARN_UNGUARDED_AVAILABILITY = YES_AGGRESSIVE;
				CLANG_WARN_UNREACHABLE_CODE = YES;
				CLANG_WARN__DUPLICATE_METHOD_MATCH = YES;
				CODE_SIGN_IDENTITY = "iPhone Developer";
				COPY_PHASE_STRIP = NO;
				DEBUG_INFORMATION_FORMAT = dwarf;
				ENABLE_STRICT_OBJC_MSGSEND = YES;
				ENABLE_TESTABILITY = YES;
				GCC_C_LANGUAGE_STANDARD = gnu11;
				GCC_DYNAMIC_NO_PIC = NO;
				GCC_NO_COMMON_BLOCKS = YES;
				GCC_OPTIMIZATION_LEVEL = 0;
				GCC_PREPROCESSOR_DEFINITIONS = (
					"DEBUG=1",
					"$(inherited)",
				);
				GCC_WARN_64_TO_32_BIT_CONVERSION = YES;
				GCC_WARN_ABOUT_RETURN_TYPE = YES_ERROR;
				GCC_WARN_UNDECLARED_SELECTOR = YES;
				GCC_WARN_UNINITIALIZED_AUTOS = YES_AGGRESSIVE;
				GCC_WARN_UNUSED_FUNCTION = YES;
				GCC_WARN_UNUSED_VARIABLE = YES;
				IPHONEOS_DEPLOYMENT_TARGET = 12.1;
				MTL_ENABLE_DEBUG_INFO = INCLUDE_SOURCE;
				MTL_FAST_MATH = YES;
				ONLY_ACTIVE_ARCH = YES;
				SDKROOT = iphoneos;
				SWIFT_ACTIVE_COMPILATION_CONDITIONS = DEBUG;
				SWIFT_OPTIMIZATION_LEVEL = "-Onone";
			};
			name = Debug;
		};
		2AD64FF422527D8C0000E3BC /* Release */ = {
			isa = XCBuildConfiguration;
			buildSettings = {
				ALWAYS_SEARCH_USER_PATHS = NO;
				CLANG_ANALYZER_NONNULL = YES;
				CLANG_ANALYZER_NUMBER_OBJECT_CONVERSION = YES_AGGRESSIVE;
				CLANG_CXX_LANGUAGE_STANDARD = "gnu++14";
				CLANG_CXX_LIBRARY = "libc++";
				CLANG_ENABLE_MODULES = YES;
				CLANG_ENABLE_OBJC_ARC = YES;
				CLANG_ENABLE_OBJC_WEAK = YES;
				CLANG_WARN_BLOCK_CAPTURE_AUTORELEASING = YES;
				CLANG_WARN_BOOL_CONVERSION = YES;
				CLANG_WARN_COMMA = YES;
				CLANG_WARN_CONSTANT_CONVERSION = YES;
				CLANG_WARN_DEPRECATED_OBJC_IMPLEMENTATIONS = YES;
				CLANG_WARN_DIRECT_OBJC_ISA_USAGE = YES_ERROR;
				CLANG_WARN_DOCUMENTATION_COMMENTS = YES;
				CLANG_WARN_EMPTY_BODY = YES;
				CLANG_WARN_ENUM_CONVERSION = YES;
				CLANG_WARN_INFINITE_RECURSION = YES;
				CLANG_WARN_INT_CONVERSION = YES;
				CLANG_WARN_NON_LITERAL_NULL_CONVERSION = YES;
				CLANG_WARN_OBJC_IMPLICIT_RETAIN_SELF = YES;
				CLANG_WARN_OBJC_LITERAL_CONVERSION = YES;
				CLANG_WARN_OBJC_ROOT_CLASS = YES_ERROR;
				CLANG_WARN_RANGE_LOOP_ANALYSIS = YES;
				CLANG_WARN_STRICT_PROTOTYPES = YES;
				CLANG_WARN_SUSPICIOUS_MOVE = YES;
				CLANG_WARN_UNGUARDED_AVAILABILITY = YES_AGGRESSIVE;
				CLANG_WARN_UNREACHABLE_CODE = YES;
				CLANG_WARN__DUPLICATE_METHOD_MATCH = YES;
				CODE_SIGN_IDENTITY = "iPhone Developer";
				COPY_PHASE_STRIP = NO;
				DEBUG_INFORMATION_FORMAT = "dwarf-with-dsym";
				ENABLE_NS_ASSERTIONS = NO;
				ENABLE_STRICT_OBJC_MSGSEND = YES;
				GCC_C_LANGUAGE_STANDARD = gnu11;
				GCC_NO_COMMON_BLOCKS = YES;
				GCC_WARN_64_TO_32_BIT_CONVERSION = YES;
				GCC_WARN_ABOUT_RETURN_TYPE = YES_ERROR;
				GCC_WARN_UNDECLARED_SELECTOR = YES;
				GCC_WARN_UNINITIALIZED_AUTOS = YES_AGGRESSIVE;
				GCC_WARN_UNUSED_FUNCTION = YES;
				GCC_WARN_UNUSED_VARIABLE = YES;
				IPHONEOS_DEPLOYMENT_TARGET = 12.1;
				MTL_ENABLE_DEBUG_INFO = NO;
				MTL_FAST_MATH = YES;
				SDKROOT = iphoneos;
				SWIFT_COMPILATION_MODE = wholemodule;
				SWIFT_OPTIMIZATION_LEVEL = "-O";
				VALIDATE_PRODUCT = YES;
			};
			name = Release;
		};
		2AD64FF622527D8C0000E3BC /* Debug */ = {
			isa = XCBuildConfiguration;
			buildSettings = {
				ASSETCATALOG_COMPILER_APPICON_NAME = AppIcon;
				CODE_SIGN_STYLE = Automatic;
				INFOPLIST_FILE = MobileMapper/Info.plist;
				LD_RUNPATH_SEARCH_PATHS = (
					"$(inherited)",
					"@executable_path/Frameworks",
				);
				PRODUCT_BUNDLE_IDENTIFIER = skapa.MobileMapper;
				PRODUCT_NAME = "$(TARGET_NAME)";
				SWIFT_VERSION = 4.2;
				TARGETED_DEVICE_FAMILY = "1,2";
			};
			name = Debug;
		};
		2AD64FF722527D8C0000E3BC /* Release */ = {
			isa = XCBuildConfiguration;
			buildSettings = {
				ASSETCATALOG_COMPILER_APPICON_NAME = AppIcon;
				CODE_SIGN_STYLE = Automatic;
				INFOPLIST_FILE = MobileMapper/Info.plist;
				LD_RUNPATH_SEARCH_PATHS = (
					"$(inherited)",
					"@executable_path/Frameworks",
				);
				PRODUCT_BUNDLE_IDENTIFIER = skapa.MobileMapper;
				PRODUCT_NAME = "$(TARGET_NAME)";
				SWIFT_VERSION = 4.2;
				TARGETED_DEVICE_FAMILY = "1,2";
			};
			name = Release;
		};
		2AD64FF922527D8C0000E3BC /* Debug */ = {
			isa = XCBuildConfiguration;
			buildSettings = {
				ALWAYS_EMBED_SWIFT_STANDARD_LIBRARIES = YES;
				BUNDLE_LOADER = "$(TEST_HOST)";
				CODE_SIGN_STYLE = Automatic;
				INFOPLIST_FILE = MobileMapperTests/Info.plist;
				LD_RUNPATH_SEARCH_PATHS = (
					"$(inherited)",
					"@executable_path/Frameworks",
					"@loader_path/Frameworks",
				);
				PRODUCT_BUNDLE_IDENTIFIER = skapa.MobileMapperTests;
				PRODUCT_NAME = "$(TARGET_NAME)";
				SWIFT_VERSION = 4.2;
				TARGETED_DEVICE_FAMILY = "1,2";
				TEST_HOST = "$(BUILT_PRODUCTS_DIR)/MobileMapper.app/MobileMapper";
			};
			name = Debug;
		};
		2AD64FFA22527D8C0000E3BC /* Release */ = {
			isa = XCBuildConfiguration;
			buildSettings = {
				ALWAYS_EMBED_SWIFT_STANDARD_LIBRARIES = YES;
				BUNDLE_LOADER = "$(TEST_HOST)";
				CODE_SIGN_STYLE = Automatic;
				INFOPLIST_FILE = MobileMapperTests/Info.plist;
				LD_RUNPATH_SEARCH_PATHS = (
					"$(inherited)",
					"@executable_path/Frameworks",
					"@loader_path/Frameworks",
				);
				PRODUCT_BUNDLE_IDENTIFIER = skapa.MobileMapperTests;
				PRODUCT_NAME = "$(TARGET_NAME)";
				SWIFT_VERSION = 4.2;
				TARGETED_DEVICE_FAMILY = "1,2";
				TEST_HOST = "$(BUILT_PRODUCTS_DIR)/MobileMapper.app/MobileMapper";
			};
			name = Release;
		};
		2AD64FFC22527D8C0000E3BC /* Debug */ = {
			isa = XCBuildConfiguration;
			buildSettings = {
				ALWAYS_EMBED_SWIFT_STANDARD_LIBRARIES = YES;
				CODE_SIGN_STYLE = Automatic;
				INFOPLIST_FILE = MobileMapperUITests/Info.plist;
				LD_RUNPATH_SEARCH_PATHS = (
					"$(inherited)",
					"@executable_path/Frameworks",
					"@loader_path/Frameworks",
				);
				PRODUCT_BUNDLE_IDENTIFIER = skapa.MobileMapperUITests;
				PRODUCT_NAME = "$(TARGET_NAME)";
				SWIFT_VERSION = 4.2;
				TARGETED_DEVICE_FAMILY = "1,2";
				TEST_TARGET_NAME = MobileMapper;
			};
			name = Debug;
		};
		2AD64FFD22527D8C0000E3BC /* Release */ = {
			isa = XCBuildConfiguration;
			buildSettings = {
				ALWAYS_EMBED_SWIFT_STANDARD_LIBRARIES = YES;
				CODE_SIGN_STYLE = Automatic;
				INFOPLIST_FILE = MobileMapperUITests/Info.plist;
				LD_RUNPATH_SEARCH_PATHS = (
					"$(inherited)",
					"@executable_path/Frameworks",
					"@loader_path/Frameworks",
				);
				PRODUCT_BUNDLE_IDENTIFIER = skapa.MobileMapperUITests;
				PRODUCT_NAME = "$(TARGET_NAME)";
				SWIFT_VERSION = 4.2;
				TARGETED_DEVICE_FAMILY = "1,2";
				TEST_TARGET_NAME = MobileMapper;
			};
			name = Release;
		};
/* End XCBuildConfiguration section */

/* Begin XCConfigurationList section */
		2AD64FC822527D8B0000E3BC /* Build configuration list for PBXProject "MobileMapper" */ = {
			isa = XCConfigurationList;
			buildConfigurations = (
				2AD64FF322527D8C0000E3BC /* Debug */,
				2AD64FF422527D8C0000E3BC /* Release */,
			);
			defaultConfigurationIsVisible = 0;
			defaultConfigurationName = Release;
		};
		2AD64FF522527D8C0000E3BC /* Build configuration list for PBXNativeTarget "MobileMapper" */ = {
			isa = XCConfigurationList;
			buildConfigurations = (
				2AD64FF622527D8C0000E3BC /* Debug */,
				2AD64FF722527D8C0000E3BC /* Release */,
			);
			defaultConfigurationIsVisible = 0;
			defaultConfigurationName = Release;
		};
		2AD64FF822527D8C0000E3BC /* Build configuration list for PBXNativeTarget "MobileMapperTests" */ = {
			isa = XCConfigurationList;
			buildConfigurations = (
				2AD64FF922527D8C0000E3BC /* Debug */,
				2AD64FFA22527D8C0000E3BC /* Release */,
			);
			defaultConfigurationIsVisible = 0;
			defaultConfigurationName = Release;
		};
		2AD64FFB22527D8C0000E3BC /* Build configuration list for PBXNativeTarget "MobileMapperUITests" */ = {
			isa = XCConfigurationList;
			buildConfigurations = (
				2AD64FFC22527D8C0000E3BC /* Debug */,
				2AD64FFD22527D8C0000E3BC /* Release */,
			);
			defaultConfigurationIsVisible = 0;
			defaultConfigurationName = Release;
		};
/* End XCConfigurationList section */
	};
	rootObject = 2AD64FC522527D8B0000E3BC /* Project object */;
}
